<?xml version="1.0" encoding="utf-8"?>
<Project ToolsVersion="4.0" xmlns="http://schemas.microsoft.com/developer/msbuild/2003">
  <ItemGroup>
    <ClCompile Include="AppMain.cpp" />
    <ClCompile Include="Objects\Character\Enemy\Boss2\Boss2.cpp" />
    <ClCompile Include="Objects\Character\Enemy\Boss3\Boss3.cpp" />
    <ClCompile Include="Objects\Character\Enemy\Enemy4\Enemy4.cpp" />
    <ClCompile Include="Objects\Character\Enemy\Boss1\Boss1.cpp" />
    <ClCompile Include="Objects\Character\Enemy\Enemy2\Enemy2.cpp" />
    <ClCompile Include="Objects\Character\Enemy\Enemy3\Enemy3.cpp" />
    <ClCompile Include="Objects\Character\Enemy\Enemy1\Enemy1.cpp" />
    <ClCompile Include="Objects\Character\Enemy\Enemy5\Enemy5.cpp" />
    <ClCompile Include="Objects\Character\Enemy\Enemy6\Enemy6.cpp" />
    <ClCompile Include="Objects\Character\Enemy\Enemy7\Enemy7.cpp" />
    <ClCompile Include="Objects\Character\Enemy\Enemy8\Enemy8.cpp" />
    <ClCompile Include="Objects\Character\Enemy\Enemy9\Enemy9.cpp" />
    <ClCompile Include="Objects\Character\Enemy\EnemyBase.cpp" />
    <ClCompile Include="Objects\Character\Player\Drone.cpp" />
    <ClCompile Include="Objects\Character\Player\Player.cpp" />
    <ClCompile Include="Objects\Collision.cpp" />
    <ClCompile Include="Objects\GameObject.cpp" />
    <ClCompile Include="Objects\GameObjectManager.cpp" />
    <ClCompile Include="Objects\Item\ExperiencePoints\ExperiencePoints.cpp" />
    <ClCompile Include="Objects\Shot\EnemyShot\EnemyShot.cpp" />
    <ClCompile Include="Objects\Shot\PlayerShot\PlayerShot.cpp" />
    <ClCompile Include="Resource\ResourceManager.cpp" />
    <ClCompile Include="Scenes\InGameScene\InGameScene.cpp" />
    <ClCompile Include="Scenes\RankingScene\RankingScene.cpp" />
    <ClCompile Include="Scenes\ResultScene\ResultScene.cpp" />
    <ClCompile Include="Scenes\SceneFactory.cpp" />
    <ClCompile Include="Scenes\SceneManager.cpp" />
    <ClCompile Include="Scenes\TitleScene\TitleScene.cpp" />
    <ClCompile Include="Scenes\UI\HpUI.cpp" />
    <ClCompile Include="Scenes\UI\LevelUI.cpp" />
    <ClCompile Include="Scenes\UI\LevelUpUI.cpp" />
    <ClCompile Include="Scenes\UI\Score.cpp" />
    <ClCompile Include="Utility\Application.cpp" />
    <ClCompile Include="Utility\InputManager.cpp" />
    <ClCompile Include="Utility\Singleton.cpp" />
    <ClCompile Include="Utility\Vector2D.cpp" />
    <ClCompile Include="Objects\Character\Enemy\Enemy10\Enemy10.cpp" />
    <ClCompile Include="Objects\Character\Enemy\Enemy11\Enemy11.cpp" />
  </ItemGroup>
  <ItemGroup>
    <ClInclude Include="Objects\Character\Enemy\Boss2\Boss2.h" />
    <ClInclude Include="Objects\Character\Enemy\Boss3\Boss3.h" />
    <ClInclude Include="Objects\Character\Enemy\Enemy4\Enemy4.h" />
    <ClInclude Include="Objects\Character\Enemy\Boss1\Boss1.h" />
    <ClInclude Include="Objects\Character\Enemy\Enemy2\Enemy2.h" />
    <ClInclude Include="Objects\Character\Enemy\Enemy3\Enemy3.h" />
    <ClInclude Include="Objects\Character\Character.h" />
    <ClInclude Include="Objects\Character\Enemy\Enemy1\Enemy1.h" />
    <ClInclude Include="Objects\Character\Enemy\Enemy5\Enemy5.h" />
    <ClInclude Include="Objects\Character\Enemy\Enemy6\Enemy6.h" />
    <ClInclude Include="Objects\Character\Enemy\Enemy7\Enemy7.h" />
    <ClInclude Include="Objects\Character\Enemy\Enemy8\Enemy8.h" />
    <ClInclude Include="Objects\Character\Enemy\Enemy9\Enemy9.h" />
    <ClInclude Include="Objects\Character\Enemy\EnemyBase.h" />
    <ClInclude Include="Objects\Character\Player\Drone.h" />
    <ClInclude Include="Objects\Character\Player\Player.h" />
    <ClInclude Include="Objects\Character\Player\PlayerStats.h" />
    <ClInclude Include="Objects\Character\Player\UserTemplate.h" />
    <ClInclude Include="Objects\Collision.h" />
    <ClInclude Include="Objects\GameObject.h" />
    <ClInclude Include="Objects\GameObjectManager.h" />
    <ClInclude Include="Objects\Item\ExperiencePoints\ExperiencePoints.h" />
    <ClInclude Include="Objects\Item\Item.h" />
    <ClInclude Include="Objects\Shot\EnemyShot\EnemyShot.h" />
    <ClInclude Include="Objects\Shot\PlayerShot\PlayerShot.h" />
    <ClInclude Include="Objects\Shot\Shot.h" />
    <ClInclude Include="Resource\ResourceManager.h" />
    <ClInclude Include="Scenes\InGameScene\InGameScene.h" />
    <ClInclude Include="Scenes\RankingScene\RankingScene.h" />
    <ClInclude Include="Scenes\ResultScene\ResultScene.h" />
    <ClInclude Include="Scenes\SceneBase.h" />
    <ClInclude Include="Scenes\SceneFactory.h" />
    <ClInclude Include="Scenes\SceneManager.h" />
    <ClInclude Include="Scenes\TitleScene\TitleScene.h" />
    <ClInclude Include="Scenes\UI\HpUI.h" />
    <ClInclude Include="Scenes\UI\LevelUI.h" />
    <ClInclude Include="Scenes\UI\LevelUpUI.h" />
    <ClInclude Include="Scenes\UI\Score.h" />
    <ClInclude Include="Utility\Application.h" />
    <ClInclude Include="Utility\InputManager.h" />
    <ClInclude Include="Utility\Singleton.h" />
    <ClInclude Include="Utility\Vector2D.h" />
    <ClInclude Include="Scenes\UI\ScoreData.h" />
    <ClInclude Include="Objects\Character\Enemy\Enemy10\Enemy10.h" />
    <ClInclude Include="Objects\Character\Enemy\Enemy11\Enemy11.h" />
  </ItemGroup>
</Project>